
Microsoft Visual Studio Solution File, Format Version 12.00
# Visual Studio Version 16
VisualStudioVersion = 25.0.1705.1
MinimumVisualStudioVersion = 10.0.40219.1
Project("{FAE04EC0-301F-11D3-BF4B-00C04F79EFBC}") = "CityInfo.API", "CityInfo.API\CityInfo.API.csproj", "{3732067D-6339-4133-89BC-444540947582}"
EndProject
Global
	GlobalSection(SolutionConfigurationPlatforms) = preSolution
		Debug|Any CPU = Debug|Any CPU
		Release|Any CPU = Release|Any CPU
	EndGlobalSection
	GlobalSection(ProjectConfigurationPlatforms) = postSolution
		{3732067D-6339-4133-89BC-444540947582}.Debug|Any CPU.ActiveCfg = Debug|Any CPU
		{3732067D-6339-4133-89BC-444540947582}.Debug|Any CPU.Build.0 = Debug|Any CPU
		{3732067D-6339-4133-89BC-444540947582}.Release|Any CPU.ActiveCfg = Release|Any CPU
		{3732067D-6339-4133-89BC-444540947582}.Release|Any CPU.Build.0 = Release|Any CPU
	EndGlobalSection
	GlobalSection(SolutionProperties) = preSolution
		HideSolutionNode = FALSE
	EndGlobalSection
	GlobalSection(ExtensibilityGlobals) = postSolution
		SolutionGuid = {2C12FF55-43A7-49C3-B1BF-DFF40999F0F0}
	EndGlobalSection
EndGlobal
